{
  "name": "night-run-proxy",
  "lockfileVersion": 3,
  "requires": true,
  "packages": {
    "": {
      "devDependencies": {
        "nitro": "latest",
        "rolldown": "latest"
      }
    },
    "node_modules/@emnapi/core": {
      "version": "1.7.1",
      "resolved": "https://registry.npmjs.org/@emnapi/core/-/core-1.7.1.tgz",
      "integrity": "sha512-o1uhUASyo921r2XtHYOHy7gdkGLge8ghBEQHMWmyJFoXlpU58kIrhhN3w26lpQb6dspetweapMn2CSNwQ8I4wg==",
      "dev": true,
      "license": "MIT",
      "optional": true,
      "dependencies": {
        "@emnapi/wasi-threads": "1.1.0",
        "tslib": "^2.4.0"
      }
    },
    "node_modules/@emnapi/runtime": {
      "version": "1.7.1",
      "resolved": "https://registry.npmjs.org/@emnapi/runtime/-/runtime-1.7.1.tgz",
      "integrity": "sha512-PVtJr5CmLwYAU9PZDMITZoR5iAOShYREoR45EyyLrbntV50mdePTgUn4AmOw90Ifcj+x2kRjdzr1HP3RrNiHGA==",
      "dev": true,
      "license": "MIT",
      "optional": true,
      "dependencies": {
        "tslib": "^2.4.0"
      }
    },
    "node_modules/@emnapi/wasi-threads": {
      "version": "1.1.0",
      "resolved": "https://registry.npmjs.org/@emnapi/wasi-threads/-/wasi-threads-1.1.0.tgz",
      "integrity": "sha512-WI0DdZ8xFSbgMjR1sFsKABJ/C5OnRrjT06JXbZKexJGrDuPTzZdDYfFlsgcCXCyf+suG5QU2e/y1Wo2V/OapLQ==",
      "dev": true,
      "license": "MIT",
      "optional": true,
      "dependencies": {
        "tslib": "^2.4.0"
      }
    },
    "node_modules/@napi-rs/wasm-runtime": {
      "version": "1.1.0",
      "resolved": "https://registry.npmjs.org/@napi-rs/wasm-runtime/-/wasm-runtime-1.1.0.tgz",
      "integrity": "sha512-Fq6DJW+Bb5jaWE69/qOE0D1TUN9+6uWhCeZpdnSBk14pjLcCWR7Q8n49PTSPHazM37JqrsdpEthXy2xn6jWWiA==",
      "dev": true,
      "license": "MIT",
      "optional": true,
      "dependencies": {
        "@emnapi/core": "^1.7.1",
        "@emnapi/runtime": "^1.7.1",
        "@tybys/wasm-util": "^0.10.1"
      }
    },
    "node_modules/@oxc-minify/binding-android-arm64": {
      "version": "0.96.0",
      "resolved": "https://registry.npmjs.org/@oxc-minify/binding-android-arm64/-/binding-android-arm64-0.96.0.tgz",
      "integrity": "sha512-lzeIEMu/v6Y+La5JSesq4hvyKtKBq84cgQpKYTYM/yGuNk2tfd5Ha31hnC+mTh48lp/5vZH+WBfjVUjjINCfug==",
      "cpu": [
        "arm64"
      ],
      "dev": true,
      "license": "MIT",
      "optional": true,
      "os": [
        "android"
      ],
      "engines": {
        "node": "^20.19.0 || >=22.12.0"
      }
    },
    "node_modules/@oxc-minify/binding-darwin-arm64": {
      "version": "0.96.0",
      "resolved": "https://registry.npmjs.org/@oxc-minify/binding-darwin-arm64/-/binding-darwin-arm64-0.96.0.tgz",
      "integrity": "sha512-i0LkJAUXb4BeBFrJQbMKQPoxf8+cFEffDyLSb7NEzzKuPcH8qrVsnEItoOzeAdYam8Sr6qCHVwmBNEQzl7PWpw==",
      "cpu": [
        "arm64"
      ],
      "dev": true,
      "license": "MIT",
      "optional": true,
      "os": [
        "darwin"
      ],
      "engines": {
        "node": "^20.19.0 || >=22.12.0"
      }
    },
    "node_modules/@oxc-minify/binding-darwin-x64": {
      "version": "0.96.0",
      "resolved": "https://registry.npmjs.org/@oxc-minify/binding-darwin-x64/-/binding-darwin-x64-0.96.0.tgz",
      "integrity": "sha512-C5vI0WPR+KPIFAD5LMOJk2J8iiT+Nv65vDXmemzXEXouzfEOLYNqnW+u6NSsccpuZHHWAiLyPFkYvKFduveAUQ==",
      "cpu": [
        "x64"
      ],
      "dev": true,
      "license": "MIT",
      "optional": true,
      "os": [
        "darwin"
      ],
      "engines": {
        "node": "^20.19.0 || >=22.12.0"
      }
    },
    "node_modules/@oxc-minify/binding-freebsd-x64": {
      "version": "0.96.0",
      "resolved": "https://registry.npmjs.org/@oxc-minify/binding-freebsd-x64/-/binding-freebsd-x64-0.96.0.tgz",
      "integrity": "sha512-3//5DNx+xUjVBMLLk2sl6hfe4fwfENJtjVQUBXjxzwPuv8xgZUqASG4cRG3WqG5Qe8dV6SbCI4EgKQFjO4KCZA==",
      "cpu": [
        "x64"
      ],
      "dev": true,
      "license": "MIT",
      "optional": true,
      "os": [
        "freebsd"
      ],
      "engines": {
        "node": "^20.19.0 || >=22.12.0"
      }
    },
    "node_modules/@oxc-minify/binding-linux-arm-gnueabihf": {
      "version": "0.96.0",
      "resolved": "https://registry.npmjs.org/@oxc-minify/binding-linux-arm-gnueabihf/-/binding-linux-arm-gnueabihf-0.96.0.tgz",
      "integrity": "sha512-WXChFKV7VdDk1NePDK1J31cpSvxACAVztJ7f7lJVYBTkH+iz5D0lCqPcE7a9eb7nC3xvz4yk7DM6dA9wlUQkQg==",
      "cpu": [
        "arm"
      ],
      "dev": true,
      "license": "MIT",
      "optional": true,
      "os": [
        "linux"
      ],
      "engines": {
        "node": "^20.19.0 || >=22.12.0"
      }
    },
    "node_modules/@oxc-minify/binding-linux-arm-musleabihf": {
      "version": "0.96.0",
      "resolved": "https://registry.npmjs.org/@oxc-minify/binding-linux-arm-musleabihf/-/binding-linux-arm-musleabihf-0.96.0.tgz",
      "integrity": "sha512-7B18glYMX4Z/YoqgE3VRLs/2YhVLxlxNKSgrtsRpuR8xv58xca+hEhiFwZN1Rn+NSMZ29Z33LWD7iYWnqYFvRA==",
      "cpu": [
        "arm"
      ],
      "dev": true,
      "license": "MIT",
      "optional": true,
      "os": [
        "linux"
      ],
      "engines": {
        "node": "^20.19.0 || >=22.12.0"
      }
    },
    "node_modules/@oxc-minify/binding-linux-arm64-gnu": {
      "version": "0.96.0",
      "resolved": "https://registry.npmjs.org/@oxc-minify/binding-linux-arm64-gnu/-/binding-linux-arm64-gnu-0.96.0.tgz",
      "integrity": "sha512-Yl+KcTldsEJNcaYxxonwAXZ2q3gxIzn3kXYQWgKWdaGIpNhOCWqF+KE5WLsldoh5Ro5SHtomvb8GM6cXrIBMog==",
      "cpu": [
        "arm64"
      ],
      "dev": true,
      "license": "MIT",
      "optional": true,
      "os": [
        "linux"
      ],
      "engines": {
        "node": "^20.19.0 || >=22.12.0"
      }
    },
    "node_modules/@oxc-minify/binding-linux-arm64-musl": {
      "version": "0.96.0",
      "resolved": "https://registry.npmjs.org/@oxc-minify/binding-linux-arm64-musl/-/binding-linux-arm64-musl-0.96.0.tgz",
      "integrity": "sha512-rNqoFWOWaxwMmUY5fspd/h5HfvgUlA3sv9CUdA2MpnHFiyoJNovR7WU8tGh+Yn0qOAs0SNH0a05gIthHig14IA==",
      "cpu": [
        "arm64"
      ],
      "dev": true,
      "license": "MIT",
      "optional": true,
      "os": [
        "linux"
      ],
      "engines": {
        "node": "^20.19.0 || >=22.12.0"
      }
    },
    "node_modules/@oxc-minify/binding-linux-riscv64-gnu": {
      "version": "0.96.0",
      "resolved": "https://registry.npmjs.org/@oxc-minify/binding-linux-riscv64-gnu/-/binding-linux-riscv64-gnu-0.96.0.tgz",
      "integrity": "sha512-3paajIuzGnukHwSI3YBjYVqbd72pZd8NJxaayaNFR0AByIm8rmIT5RqFXbq8j2uhtpmNdZRXiu0em1zOmIScWA==",
      "cpu": [
        "riscv64"
      ],
      "dev": true,
      "license": "MIT",
      "optional": true,
      "os": [
        "linux"
      ],
      "engines": {
        "node": "^20.19.0 || >=22.12.0"
      }
    },
    "node_modules/@oxc-minify/binding-linux-s390x-gnu": {
      "version": "0.96.0",
      "resolved": "https://registry.npmjs.org/@oxc-minify/binding-linux-s390x-gnu/-/binding-linux-s390x-gnu-0.96.0.tgz",
      "integrity": "sha512-9ESrpkB2XG0lQ89JlsxlZa86iQCOs+jkDZLl6O+u5wb7ynUy21bpJJ1joauCOSYIOUlSy3+LbtJLiqi7oSQt5Q==",
      "cpu": [
        "s390x"
      ],
      "dev": true,
      "license": "MIT",
      "optional": true,
      "os": [
        "linux"
      ],
      "engines": {
        "node": "^20.19.0 || >=22.12.0"
      }
    },
    "node_modules/@oxc-minify/binding-linux-x64-gnu": {
      "version": "0.96.0",
      "resolved": "https://registry.npmjs.org/@oxc-minify/binding-linux-x64-gnu/-/binding-linux-x64-gnu-0.96.0.tgz",
      "integrity": "sha512-UMM1jkns+p+WwwmdjC5giI3SfR2BCTga18x3C0cAu6vDVf4W37uTZeTtSIGmwatTBbgiq++Te24/DE0oCdm1iQ==",
      "cpu": [
        "x64"
      ],
      "dev": true,
      "license": "MIT",
      "optional": true,
      "os": [
        "linux"
      ],
      "engines": {
        "node": "^20.19.0 || >=22.12.0"
      }
    },
    "node_modules/@oxc-minify/binding-linux-x64-musl": {
      "version": "0.96.0",
      "resolved": "https://registry.npmjs.org/@oxc-minify/binding-linux-x64-musl/-/binding-linux-x64-musl-0.96.0.tgz",
      "integrity": "sha512-8b1naiC7MdP7xeMi7cQ5tb9W1rZAP9Qz/jBRqp1Y5EOZ1yhSGnf1QWuZ/0pCc+XiB9vEHXEY3Aki/H+86m2eOg==",
      "cpu": [
        "x64"
      ],
      "dev": true,
      "license": "MIT",
      "optional": true,
      "os": [
        "linux"
      ],
      "engines": {
        "node": "^20.19.0 || >=22.12.0"
      }
    },
    "node_modules/@oxc-minify/binding-wasm32-wasi": {
      "version": "0.96.0",
      "resolved": "https://registry.npmjs.org/@oxc-minify/binding-wasm32-wasi/-/binding-wasm32-wasi-0.96.0.tgz",
      "integrity": "sha512-bjGDjkGzo3GWU9Vg2qiFUrfoo5QxojPNV/2RHTlbIB5FWkkV4ExVjsfyqihFiAuj0NXIZqd2SAiEq9htVd3RFw==",
      "cpu": [
        "wasm32"
      ],
      "dev": true,
      "license": "MIT",
      "optional": true,
      "dependencies": {
        "@napi-rs/wasm-runtime": "^1.0.7"
      },
      "engines": {
        "node": ">=14.0.0"
      }
    },
    "node_modules/@oxc-minify/binding-win32-arm64-msvc": {
      "version": "0.96.0",
      "resolved": "https://registry.npmjs.org/@oxc-minify/binding-win32-arm64-msvc/-/binding-win32-arm64-msvc-0.96.0.tgz",
      "integrity": "sha512-4L4DlHUT47qMWQuTyUghpncR3NZHWtxvd0G1KgSjVgXf+cXzFdWQCWZZtCU0yrmOoVCNUf4S04IFCJyAe+Ie7A==",
      "cpu": [
        "arm64"
      ],
      "dev": true,
      "license": "MIT",
      "optional": true,
      "os": [
        "win32"
      ],
      "engines": {
        "node": "^20.19.0 || >=22.12.0"
      }
    },
    "node_modules/@oxc-minify/binding-win32-x64-msvc": {
      "version": "0.96.0",
      "resolved": "https://registry.npmjs.org/@oxc-minify/binding-win32-x64-msvc/-/binding-win32-x64-msvc-0.96.0.tgz",
      "integrity": "sha512-T2ijfqZLpV2bgGGocXV4SXTuMoouqN0asYTIm+7jVOLvT5XgDogf3ZvCmiEnSWmxl21+r5wHcs8voU2iUROXAg==",
      "cpu": [
        "x64"
      ],
      "dev": true,
      "license": "MIT",
      "optional": true,
      "os": [
        "win32"
      ],
      "engines": {
        "node": "^20.19.0 || >=22.12.0"
      }
    },
    "node_modules/@oxc-project/types": {
      "version": "0.103.0",
      "resolved": "https://registry.npmjs.org/@oxc-project/types/-/types-0.103.0.tgz",
      "integrity": "sha512-bkiYX5kaXWwUessFRSoXFkGIQTmc6dLGdxuRTrC+h8PSnIdZyuXHHlLAeTmOue5Br/a0/a7dHH0Gca6eXn9MKg==",
      "dev": true,
      "license": "MIT",
      "funding": {
        "url": "https://github.com/sponsors/Boshen"
      }
    },
    "node_modules/@oxc-transform/binding-android-arm64": {
      "version": "0.96.0",
      "resolved": "https://registry.npmjs.org/@oxc-transform/binding-android-arm64/-/binding-android-arm64-0.96.0.tgz",
      "integrity": "sha512-wOm+ZsqFvyZ7B9RefUMsj0zcXw77Z2pXA51nbSQyPXqr+g0/pDGxriZWP8Sdpz/e4AEaKPA9DvrwyOZxu7GRDQ==",
      "cpu": [
        "arm64"
      ],
      "dev": true,
      "license": "MIT",
      "optional": true,
      "os": [
        "android"
      ],
      "engines": {
        "node": "^20.19.0 || >=22.12.0"
      }
    },
    "node_modules/@oxc-transform/binding-darwin-arm64": {
      "version": "0.96.0",
      "resolved": "https://registry.npmjs.org/@oxc-transform/binding-darwin-arm64/-/binding-darwin-arm64-0.96.0.tgz",
      "integrity": "sha512-td1sbcvzsyuoNRiNdIRodPXRtFFwxzPpC/6/yIUtRRhKn30XQcizxupIvQQVpJWWchxkphbBDh6UN+u+2CJ8Zw==",
      "cpu": [
        "arm64"
      ],
      "dev": true,
      "license": "MIT",
      "optional": true,
      "os": [
        "darwin"
      ],
      "engines": {
        "node": "^20.19.0 || >=22.12.0"
      }
    },
    "node_modules/@oxc-transform/binding-darwin-x64": {
      "version": "0.96.0",
      "resolved": "https://registry.npmjs.org/@oxc-transform/binding-darwin-x64/-/binding-darwin-x64-0.96.0.tgz",
      "integrity": "sha512-xgqxnqhPYH2NYkgbqtnCJfhbXvxIf/pnhF/ig5UBK8PYpCEWIP/cfLpQRQ9DcQnRfuxi7RMIF6LdmB1AiS6Fkg==",
      "cpu": [
        "x64"
      ],
      "dev": true,
      "license": "MIT",
      "optional": true,
      "os": [
        "darwin"
      ],
      "engines": {
        "node": "^20.19.0 || >=22.12.0"
      }
    },
    "node_modules/@oxc-transform/binding-freebsd-x64": {
      "version": "0.96.0",
      "resolved": "https://registry.npmjs.org/@oxc-transform/binding-freebsd-x64/-/binding-freebsd-x64-0.96.0.tgz",
      "integrity": "sha512-1i67OXdl/rvSkcTXqDlh6qGRXYseEmf0rl/R+/i88scZ/o3A+FzlX56sThuaPzSSv9eVgesnoYUjIBJELFc1oA==",
      "cpu": [
        "x64"
      ],
      "dev": true,
      "license": "MIT",
      "optional": true,
      "os": [
        "freebsd"
      ],
      "engines": {
        "node": "^20.19.0 || >=22.12.0"
      }
    },
    "node_modules/@oxc-transform/binding-linux-arm-gnueabihf": {
      "version": "0.96.0",
      "resolved": "https://registry.npmjs.org/@oxc-transform/binding-linux-arm-gnueabihf/-/binding-linux-arm-gnueabihf-0.96.0.tgz",
      "integrity": "sha512-9MJBs0SWODsqyzO3eAnacXgJ/sZu1xqinjEwBzkcZ3tQI8nKhMADOzu2NzbVWDWujeoC8DESXaO08tujvUru+Q==",
      "cpu": [
        "arm"
      ],
      "dev": true,
      "license": "MIT",
      "optional": true,
      "os": [
        "linux"
      ],
      "engines": {
        "node": "^20.19.0 || >=22.12.0"
      }
    },
    "node_modules/@oxc-transform/binding-linux-arm-musleabihf": {
      "version": "0.96.0",
      "resolved": "https://registry.npmjs.org/@oxc-transform/binding-linux-arm-musleabihf/-/binding-linux-arm-musleabihf-0.96.0.tgz",
      "integrity": "sha512-BQom57I2ScccixljNYh2Wy+5oVZtF1LXiiUPxSLtDHbsanpEvV/+kzCagQpTjk1BVzSQzOxfEUWjvL7mY53pRQ==",
      "cpu": [
        "arm"
      ],
      "dev": true,
      "license": "MIT",
      "optional": true,
      "os": [
        "linux"
      ],
      "engines": {
        "node": "^20.19.0 || >=22.12.0"
      }
    },
    "node_modules/@oxc-transform/binding-linux-arm64-gnu": {
      "version": "0.96.0",
      "resolved": "https://registry.npmjs.org/@oxc-transform/binding-linux-arm64-gnu/-/binding-linux-arm64-gnu-0.96.0.tgz",
      "integrity": "sha512-kaqvUzNu8LL4aBSXqcqGVLFG13GmJEplRI2+yqzkgAItxoP/LfFMdEIErlTWLGyBwd0OLiNMHrOvkcCQRWadVg==",
      "cpu": [
        "arm64"
      ],
      "dev": true,
      "license": "MIT",
      "optional": true,
      "os": [
        "linux"
      ],
      "engines": {
        "node": "^20.19.0 || >=22.12.0"
      }
    },
    "node_modules/@oxc-transform/binding-linux-arm64-musl": {
      "version": "0.96.0",
      "resolved": "https://registry.npmjs.org/@oxc-transform/binding-linux-arm64-musl/-/binding-linux-arm64-musl-0.96.0.tgz",
      "integrity": "sha512-EiG/L3wEkPgTm4p906ufptyblBgtiQWTubGg/JEw82f8uLRroayr5zhbUqx40EgH037a3SfJthIyLZi7XPRFJw==",
      "cpu": [
        "arm64"
      ],
      "dev": true,
      "license": "MIT",
      "optional": true,
      "os": [
        "linux"
      ],
      "engines": {
        "node": "^20.19.0 || >=22.12.0"
      }
    },
    "node_modules/@oxc-transform/binding-linux-riscv64-gnu": {
      "version": "0.96.0",
      "resolved": "https://registry.npmjs.org/@oxc-transform/binding-linux-riscv64-gnu/-/binding-linux-riscv64-gnu-0.96.0.tgz",
      "integrity": "sha512-r01CY6OxKGtVeYnvH4mGmtkQMlLkXdPWWNXwo5o7fE2s/fgZPMpqh8bAuXEhuMXipZRJrjxTk1+ZQ4KCHpMn3Q==",
      "cpu": [
        "riscv64"
      ],
      "dev": true,
      "license": "MIT",
      "optional": true,
      "os": [
        "linux"
      ],
      "engines": {
        "node": "^20.19.0 || >=22.12.0"
      }
    },
    "node_modules/@oxc-transform/binding-linux-s390x-gnu": {
      "version": "0.96.0",
      "resolved": "https://registry.npmjs.org/@oxc-transform/binding-linux-s390x-gnu/-/binding-linux-s390x-gnu-0.96.0.tgz",
      "integrity": "sha512-4djg2vYLGbVeS8YiA2K4RPPpZE4fxTGCX5g/bOMbCYyirDbmBAIop4eOAj8vOA9i1CcWbDtmp+PVJ1dSw7f3IQ==",
      "cpu": [
        "s390x"
      ],
      "dev": true,
      "license": "MIT",
      "optional": true,
      "os": [
        "linux"
      ],
      "engines": {
        "node": "^20.19.0 || >=22.12.0"
      }
    },
    "node_modules/@oxc-transform/binding-linux-x64-gnu": {
      "version": "0.96.0",
      "resolved": "https://registry.npmjs.org/@oxc-transform/binding-linux-x64-gnu/-/binding-linux-x64-gnu-0.96.0.tgz",
      "integrity": "sha512-f6pcWVz57Y8jXa2OS7cz3aRNuks34Q3j61+3nQ4xTE8H1KbalcEvHNmM92OEddaJ8QLs9YcE0kUC6eDTbY34+A==",
      "cpu": [
        "x64"
      ],
      "dev": true,
      "license": "MIT",
      "optional": true,
      "os": [
        "linux"
      ],
      "engines": {
        "node": "^20.19.0 || >=22.12.0"
      }
    },
    "node_modules/@oxc-transform/binding-linux-x64-musl": {
      "version": "0.96.0",
      "resolved": "https://registry.npmjs.org/@oxc-transform/binding-linux-x64-musl/-/binding-linux-x64-musl-0.96.0.tgz",
      "integrity": "sha512-NSiRtFvR7Pbhv3mWyPMkTK38czIjcnK0+K5STo3CuzZRVbX1TM17zGdHzKBUHZu7v6IQ6/XsQ3ELa1BlEHPGWQ==",
      "cpu": [
        "x64"
      ],
      "dev": true,
      "license": "MIT",
      "optional": true,
      "os": [
        "linux"
      ],
      "engines": {
        "node": "^20.19.0 || >=22.12.0"
      }
    },
    "node_modules/@oxc-transform/binding-wasm32-wasi": {
      "version": "0.96.0",
      "resolved": "https://registry.npmjs.org/@oxc-transform/binding-wasm32-wasi/-/binding-wasm32-wasi-0.96.0.tgz",
      "integrity": "sha512-A91ARLiuZHGN4hBds9s7bW3czUuLuHLsV+cz44iF9j8e1zX9m2hNGXf/acQRbg/zcFUXmjz5nmk8EkZyob876w==",
      "cpu": [
        "wasm32"
      ],
      "dev": true,
      "license": "MIT",
      "optional": true,
      "dependencies": {
        "@napi-rs/wasm-runtime": "^1.0.7"
      },
      "engines": {
        "node": ">=14.0.0"
      }
    },
    "node_modules/@oxc-transform/binding-win32-arm64-msvc": {
      "version": "0.96.0",
      "resolved": "https://registry.npmjs.org/@oxc-transform/binding-win32-arm64-msvc/-/binding-win32-arm64-msvc-0.96.0.tgz",
      "integrity": "sha512-IedJf40djKgDObomhYjdRAlmSYUEdfqX3A3M9KfUltl9AghTBBLkTzUMA7O09oo71vYf5TEhbFM7+Vn5vqw7AQ==",
      "cpu": [
        "arm64"
      ],
      "dev": true,
      "license": "MIT",
      "optional": true,
      "os": [
        "win32"
      ],
      "engines": {
        "node": "^20.19.0 || >=22.12.0"
      }
    },
    "node_modules/@oxc-transform/binding-win32-x64-msvc": {
      "version": "0.96.0",
      "resolved": "https://registry.npmjs.org/@oxc-transform/binding-win32-x64-msvc/-/binding-win32-x64-msvc-0.96.0.tgz",
      "integrity": "sha512-0fI0P0W7bSO/GCP/N5dkmtB9vBqCA4ggo1WmXTnxNJVmFFOtcA1vYm1I9jl8fxo+sucW2WnlpnI4fjKdo3JKxA==",
      "cpu": [
        "x64"
      ],
      "dev": true,
      "license": "MIT",
      "optional": true,
      "os": [
        "win32"
      ],
      "engines": {
        "node": "^20.19.0 || >=22.12.0"
      }
    },
    "node_modules/@rolldown/binding-android-arm64": {
      "version": "1.0.0-beta.56",
      "resolved": "https://registry.npmjs.org/@rolldown/binding-android-arm64/-/binding-android-arm64-1.0.0-beta.56.tgz",
      "integrity": "sha512-GFsly+vPnl1Sa61sC2LwK4Hrz48W+YBqBmLSxBEj9IJW6nHNsWof1wwh1gwnxMIm/yN5F9M0B/cRAwn6rTINyg==",
      "cpu": [
        "arm64"
      ],
      "dev": true,
      "license": "MIT",
      "optional": true,
      "os": [
        "android"
      ],
      "engines": {
        "node": "^20.19.0 || >=22.12.0"
      }
    },
    "node_modules/@rolldown/binding-darwin-arm64": {
      "version": "1.0.0-beta.56",
      "resolved": "https://registry.npmjs.org/@rolldown/binding-darwin-arm64/-/binding-darwin-arm64-1.0.0-beta.56.tgz",
      "integrity": "sha512-8fSkk5g5MVZpddrH8hOyc9O5t5Dqv2Vi3Qe628xe+2zJedJxucUc5DX/KY1OVBRp8XY09LJO+J1V56LsxeBVPA==",
      "cpu": [
        "arm64"
      ],
      "dev": true,
      "license": "MIT",
      "optional": true,
      "os": [
        "darwin"
      ],
      "engines": {
        "node": "^20.19.0 || >=22.12.0"
      }
    },
    "node_modules/@rolldown/binding-darwin-x64": {
      "version": "1.0.0-beta.56",
      "resolved": "https://registry.npmjs.org/@rolldown/binding-darwin-x64/-/binding-darwin-x64-1.0.0-beta.56.tgz",
      "integrity": "sha512-R+Q5zd763MKvgYSkBfr2gr/3nZQENaK88qEqfRUUYrpq/W0okOpbOJaxn5FDIIS+yq3cjyktYm115I5RiI6G5A==",
      "cpu": [
        "x64"
      ],
      "dev": true,
      "license": "MIT",
      "optional": true,
      "os": [
        "darwin"
      ],
      "engines": {
        "node": "^20.19.0 || >=22.12.0"
      }
    },
    "node_modules/@rolldown/binding-freebsd-x64": {
      "version": "1.0.0-beta.56",
      "resolved": "https://registry.npmjs.org/@rolldown/binding-freebsd-x64/-/binding-freebsd-x64-1.0.0-beta.56.tgz",
      "integrity": "sha512-YEsv0rfJoHHRNaVx6AfW/o4bmwTY7BJnSQ45rRCyU6DWEgvFZMojh6qzMQmW5ZVdcikE3cU1ZnrQQ2yem9H9Yg==",
      "cpu": [
        "x64"
      ],
      "dev": true,
      "license": "MIT",
      "optional": true,
      "os": [
        "freebsd"
      ],
      "engines": {
        "node": "^20.19.0 || >=22.12.0"
      }
    },
    "node_modules/@rolldown/binding-linux-arm-gnueabihf": {
      "version": "1.0.0-beta.56",
      "resolved": "https://registry.npmjs.org/@rolldown/binding-linux-arm-gnueabihf/-/binding-linux-arm-gnueabihf-1.0.0-beta.56.tgz",
      "integrity": "sha512-mpaV+NCKcHUOkcAThvz1KiXcNshLQRSBLNNKqum2dG7oLZKk+z+02Fxa8BSuFFqq/rmmO6Fq2TPAdZUgOrwiqw==",
      "cpu": [
        "arm"
      ],
      "dev": true,
      "license": "MIT",
      "optional": true,
      "os": [
        "linux"
      ],
      "engines": {
        "node": "^20.19.0 || >=22.12.0"
      }
    },
    "node_modules/@rolldown/binding-linux-arm64-gnu": {
      "version": "1.0.0-beta.56",
      "resolved": "https://registry.npmjs.org/@rolldown/binding-linux-arm64-gnu/-/binding-linux-arm64-gnu-1.0.0-beta.56.tgz",
      "integrity": "sha512-wj1uQRN4GEhYw5cs0dobGzZg3oKMLuQ3hY3fW7cLzvlwi9XRdzW7NmU58e6YUp6boOQLarSxdmAaqCMgaMZfcQ==",
      "cpu": [
        "arm64"
      ],
      "dev": true,
      "license": "MIT",
      "optional": true,
      "os": [
        "linux"
      ],
      "engines": {
        "node": "^20.19.0 || >=22.12.0"
      }
    },
    "node_modules/@rolldown/binding-linux-arm64-musl": {
      "version": "1.0.0-beta.56",
      "resolved": "https://registry.npmjs.org/@rolldown/binding-linux-arm64-musl/-/binding-linux-arm64-musl-1.0.0-beta.56.tgz",
      "integrity": "sha512-Z2PWbAHjW2EUflb1/tPvouMqppwWF5Va1Y9b4GQpO6QlpGK0Wqmn90GO2VKiheDh/gSZlsxZ7uOZoXh2y8R7Kg==",
      "cpu": [
        "arm64"
      ],
      "dev": true,
      "license": "MIT",
      "optional": true,
      "os": [
        "linux"
      ],
      "engines": {
        "node": "^20.19.0 || >=22.12.0"
      }
    },
    "node_modules/@rolldown/binding-linux-x64-gnu": {
      "version": "1.0.0-beta.56",
      "resolved": "https://registry.npmjs.org/@rolldown/binding-linux-x64-gnu/-/binding-linux-x64-gnu-1.0.0-beta.56.tgz",
      "integrity": "sha512-Z/uv04/Tsf7oqhwjPUiDiSildhWmCpsklA0e5PEB+0eGGmm07B+M2SmqRe9Fd0ypfU2TPGhq+Hn7RVUGIfSMxg==",
      "cpu": [
        "x64"
      ],
      "dev": true,
      "license": "MIT",
      "optional": true,
      "os": [
        "linux"
      ],
      "engines": {
        "node": "^20.19.0 || >=22.12.0"
      }
    },
    "node_modules/@rolldown/binding-linux-x64-musl": {
      "version": "1.0.0-beta.56",
      "resolved": "https://registry.npmjs.org/@rolldown/binding-linux-x64-musl/-/binding-linux-x64-musl-1.0.0-beta.56.tgz",
      "integrity": "sha512-u+yP0Pt9ar3PkLGGiyGmQKVj9j20X0E831DY0OVmbKYHAAbTyLKYx+UIIorCm+SQnhGKfkD+0pmwfTc2t2Vt/g==",
      "cpu": [
        "x64"
      ],
      "dev": true,
      "license": "MIT",
      "optional": true,
      "os": [
        "linux"
      ],
      "engines": {
        "node": "^20.19.0 || >=22.12.0"
      }
    },
    "node_modules/@rolldown/binding-openharmony-arm64": {
      "version": "1.0.0-beta.56",
      "resolved": "https://registry.npmjs.org/@rolldown/binding-openharmony-arm64/-/binding-openharmony-arm64-1.0.0-beta.56.tgz",
      "integrity": "sha512-Kuc6r5Uya+KxdJ7MUSok3K8zta/1bcsaSNxTvYujm2mWYuffadqgkkR3d0UCRbbCH5klZ+7VG6DR3VtPRlCntw==",
      "cpu": [
        "arm64"
      ],
      "dev": true,
      "license": "MIT",
      "optional": true,
      "os": [
        "openharmony"
      ],
      "engines": {
        "node": "^20.19.0 || >=22.12.0"
      }
    },
    "node_modules/@rolldown/binding-wasm32-wasi": {
      "version": "1.0.0-beta.56",
      "resolved": "https://registry.npmjs.org/@rolldown/binding-wasm32-wasi/-/binding-wasm32-wasi-1.0.0-beta.56.tgz",
      "integrity": "sha512-pejT5oLj8xlfn8tjC3bJKeuAsk/un6GKwjbsBQG0AchefdaHf2+S4QRn8XfEMB1l1ZTbe5yEiiV92mr7Jdjaeg==",
      "cpu": [
        "wasm32"
      ],
      "dev": true,
      "license": "MIT",
      "optional": true,
      "dependencies": {
        "@napi-rs/wasm-runtime": "^1.1.0"
      },
      "engines": {
        "node": ">=14.0.0"
      }
    },
    "node_modules/@rolldown/binding-win32-arm64-msvc": {
      "version": "1.0.0-beta.56",
      "resolved": "https://registry.npmjs.org/@rolldown/binding-win32-arm64-msvc/-/binding-win32-arm64-msvc-1.0.0-beta.56.tgz",
      "integrity": "sha512-1NKkRLQR2ghmHMd+14nm1noOhoLei62pkdGlf1g4F+9lfFws66+9LBnP6Z+E+KK8Do9hzQ6FFRwtkC3EADAeyA==",
      "cpu": [
        "arm64"
      ],
      "dev": true,
      "license": "MIT",
      "optional": true,
      "os": [
        "win32"
      ],
      "engines": {
        "node": "^20.19.0 || >=22.12.0"
      }
    },
    "node_modules/@rolldown/binding-win32-x64-msvc": {
      "version": "1.0.0-beta.56",
      "resolved": "https://registry.npmjs.org/@rolldown/binding-win32-x64-msvc/-/binding-win32-x64-msvc-1.0.0-beta.56.tgz",
      "integrity": "sha512-BC3mObCr7/O+1jMJ/Hm3INikBk5D25RTxCha10Rq8b1gHlBfb9eA460+7xQfc8FxUsMCUgHtvrK3Vs5izgwBOQ==",
      "cpu": [
        "x64"
      ],
      "dev": true,
      "license": "MIT",
      "optional": true,
      "os": [
        "win32"
      ],
      "engines": {
        "node": "^20.19.0 || >=22.12.0"
      }
    },
    "node_modules/@rolldown/pluginutils": {
      "version": "1.0.0-beta.56",
      "resolved": "https://registry.npmjs.org/@rolldown/pluginutils/-/pluginutils-1.0.0-beta.56.tgz",
      "integrity": "sha512-cw9jwAgCs024Nic4OB8PeFDLBHLD1Athcv3bRvyYATIVD9B/gL5X5cJkezT94Y7m7Dk9HXaUMcvb7ypvSX46sA==",
      "dev": true,
      "license": "MIT"
    },
    "node_modules/@tybys/wasm-util": {
      "version": "0.10.1",
      "resolved": "https://registry.npmjs.org/@tybys/wasm-util/-/wasm-util-0.10.1.tgz",
      "integrity": "sha512-9tTaPJLSiejZKx+Bmog4uSubteqTvFrVrURwkmHixBo0G4seD0zUxp98E1DzUBJxLQ3NPwXrGKDiVjwx/DpPsg==",
      "dev": true,
      "license": "MIT",
      "optional": true,
      "dependencies": {
        "tslib": "^2.4.0"
      }
    },
    "node_modules/consola": {
      "version": "3.4.2",
      "resolved": "https://registry.npmjs.org/consola/-/consola-3.4.2.tgz",
      "integrity": "sha512-5IKcdX0nnYavi6G7TtOhwkYzyjfJlatbjMjuLSfE2kYT5pMDOilZ4OvMhi637CcDICTmz3wARPoyhqyX1Y+XvA==",
      "dev": true,
      "license": "MIT",
      "engines": {
        "node": "^14.18.0 || >=16.10.0"
      }
    },
    "node_modules/crossws": {
      "version": "0.4.1",
      "resolved": "https://registry.npmjs.org/crossws/-/crossws-0.4.1.tgz",
      "integrity": "sha512-E7WKBcHVhAVrY6JYD5kteNqVq1GSZxqGrdSiwXR9at+XHi43HJoCQKXcCczR5LBnBquFZPsB3o7HklulKoBU5w==",
      "dev": true,
      "license": "MIT",
      "peerDependencies": {
        "srvx": ">=0.7.1"
      },
      "peerDependenciesMeta": {
        "srvx": {
          "optional": true
        }
      }
    },
    "node_modules/db0": {
      "version": "0.3.4",
      "resolved": "https://registry.npmjs.org/db0/-/db0-0.3.4.tgz",
      "integrity": "sha512-RiXXi4WaNzPTHEOu8UPQKMooIbqOEyqA1t7Z6MsdxSCeb8iUC9ko3LcmsLmeUt2SM5bctfArZKkRQggKZz7JNw==",
      "dev": true,
      "license": "MIT",
      "peerDependencies": {
        "@electric-sql/pglite": "*",
        "@libsql/client": "*",
        "better-sqlite3": "*",
        "drizzle-orm": "*",
        "mysql2": "*",
        "sqlite3": "*"
      },
      "peerDependenciesMeta": {
        "@electric-sql/pglite": {
          "optional": true
        },
        "@libsql/client": {
          "optional": true
        },
        "better-sqlite3": {
          "optional": true
        },
        "drizzle-orm": {
          "optional": true
        },
        "mysql2": {
          "optional": true
        },
        "sqlite3": {
          "optional": true
        }
      }
    },
    "node_modules/h3": {
      "version": "2.0.1-rc.5",
      "resolved": "https://registry.npmjs.org/h3/-/h3-2.0.1-rc.5.tgz",
      "integrity": "sha512-qkohAzCab0nLzXNm78tBjZDvtKMTmtygS8BJLT3VPczAQofdqlFXDPkXdLMJN4r05+xqneG8snZJ0HgkERCZTg==",
      "dev": true,
      "license": "MIT",
      "dependencies": {
        "rou3": "^0.7.9",
        "srvx": "^0.9.1"
      },
      "engines": {
        "node": ">=20.11.1"
      },
      "peerDependencies": {
        "crossws": "^0.4.1"
      },
      "peerDependenciesMeta": {
        "crossws": {
          "optional": true
        }
      }
    },
    "node_modules/jiti": {
      "version": "2.6.1",
      "resolved": "https://registry.npmjs.org/jiti/-/jiti-2.6.1.tgz",
      "integrity": "sha512-ekilCSN1jwRvIbgeg/57YFh8qQDNbwDb9xT/qu2DAHbFFZUicIl4ygVaAvzveMhMVr3LnpSKTNnwt8PoOfmKhQ==",
      "dev": true,
      "license": "MIT",
      "bin": {
        "jiti": "lib/jiti-cli.mjs"
      }
    },
    "node_modules/nf3": {
      "version": "0.1.12",
      "resolved": "https://registry.npmjs.org/nf3/-/nf3-0.1.12.tgz",
      "integrity": "sha512-qbMXT7RTGh74MYWPeqTIED8nDW70NXOULVHpdWcdZ7IVHVnAsMV9fNugSNnvooipDc1FMOzpis7T9nXJEbJhvQ==",
      "dev": true,
      "license": "MIT"
    },
    "node_modules/nitro": {
      "version": "3.0.1-alpha.1",
      "resolved": "https://registry.npmjs.org/nitro/-/nitro-3.0.1-alpha.1.tgz",
      "integrity": "sha512-U4AxIsXxdkxzkFrK0XAw0e5Qbojk8jQ50MjjRBtBakC4HurTtQoiZvF+lSe382jhuQZCfAyywGWOFa9QzXLFaw==",
      "dev": true,
      "license": "MIT",
      "dependencies": {
        "consola": "^3.4.2",
        "crossws": "^0.4.1",
        "db0": "^0.3.4",
        "h3": "2.0.1-rc.5",
        "jiti": "^2.6.1",
        "nf3": "^0.1.10",
        "ofetch": "^2.0.0-alpha.3",
        "ohash": "^2.0.11",
        "oxc-minify": "^0.96.0",
        "oxc-transform": "^0.96.0",
        "srvx": "^0.9.5",
        "undici": "^7.16.0",
        "unenv": "^2.0.0-rc.24",
        "unstorage": "^2.0.0-alpha.4"
      },
      "bin": {
        "nitro": "dist/cli/index.mjs"
      },
      "engines": {
        "node": "^20.19.0 || >=22.12.0"
      },
      "peerDependencies": {
        "rolldown": "*",
        "rollup": "^4",
        "vite": "^7",
        "xml2js": "^0.6.2"
      },
      "peerDependenciesMeta": {
        "rolldown": {
          "optional": true
        },
        "rollup": {
          "optional": true
        },
        "vite": {
          "optional": true
        },
        "xml2js": {
          "optional": true
        }
      }
    },
    "node_modules/ofetch": {
      "version": "2.0.0-alpha.3",
      "resolved": "https://registry.npmjs.org/ofetch/-/ofetch-2.0.0-alpha.3.tgz",
      "integrity": "sha512-zpYTCs2byOuft65vI3z43Dd6iSdFbOZZLb9/d21aCpx2rGastVU9dOCv0lu4ykc1Ur1anAYjDi3SUvR0vq50JA==",
      "dev": true,
      "license": "MIT"
    },
    "node_modules/ohash": {
      "version": "2.0.11",
      "resolved": "https://registry.npmjs.org/ohash/-/ohash-2.0.11.tgz",
      "integrity": "sha512-RdR9FQrFwNBNXAr4GixM8YaRZRJ5PUWbKYbE5eOsrwAjJW0q2REGcf79oYPsLyskQCZG1PLN+S/K1V00joZAoQ==",
      "dev": true,
      "license": "MIT"
    },
    "node_modules/oxc-minify": {
      "version": "0.96.0",
      "resolved": "https://registry.npmjs.org/oxc-minify/-/oxc-minify-0.96.0.tgz",
      "integrity": "sha512-dXeeGrfPJJ4rMdw+NrqiCRtbzVX2ogq//R0Xns08zql2HjV3Zi2SBJ65saqfDaJzd2bcHqvGWH+M44EQCHPAcA==",
      "dev": true,
      "license": "MIT",
      "engines": {
        "node": "^20.19.0 || >=22.12.0"
      },
      "funding": {
        "url": "https://github.com/sponsors/Boshen"
      },
      "optionalDependencies": {
        "@oxc-minify/binding-android-arm64": "0.96.0",
        "@oxc-minify/binding-darwin-arm64": "0.96.0",
        "@oxc-minify/binding-darwin-x64": "0.96.0",
        "@oxc-minify/binding-freebsd-x64": "0.96.0",
        "@oxc-minify/binding-linux-arm-gnueabihf": "0.96.0",
        "@oxc-minify/binding-linux-arm-musleabihf": "0.96.0",
        "@oxc-minify/binding-linux-arm64-gnu": "0.96.0",
        "@oxc-minify/binding-linux-arm64-musl": "0.96.0",
        "@oxc-minify/binding-linux-riscv64-gnu": "0.96.0",
        "@oxc-minify/binding-linux-s390x-gnu": "0.96.0",
        "@oxc-minify/binding-linux-x64-gnu": "0.96.0",
        "@oxc-minify/binding-linux-x64-musl": "0.96.0",
        "@oxc-minify/binding-wasm32-wasi": "0.96.0",
        "@oxc-minify/binding-win32-arm64-msvc": "0.96.0",
        "@oxc-minify/binding-win32-x64-msvc": "0.96.0"
      }
    },
    "node_modules/oxc-transform": {
      "version": "0.96.0",
      "resolved": "https://registry.npmjs.org/oxc-transform/-/oxc-transform-0.96.0.tgz",
      "integrity": "sha512-dQPNIF+gHpSkmC0+Vg9IktNyhcn28Y8R3eTLyzn52UNymkasLicl3sFAtz7oEVuFmCpgGjaUTKkwk+jW2cHpDQ==",
      "dev": true,
      "license": "MIT",
      "engines": {
        "node": "^20.19.0 || >=22.12.0"
      },
      "funding": {
        "url": "https://github.com/sponsors/Boshen"
      },
      "optionalDependencies": {
        "@oxc-transform/binding-android-arm64": "0.96.0",
        "@oxc-transform/binding-darwin-arm64": "0.96.0",
        "@oxc-transform/binding-darwin-x64": "0.96.0",
        "@oxc-transform/binding-freebsd-x64": "0.96.0",
        "@oxc-transform/binding-linux-arm-gnueabihf": "0.96.0",
        "@oxc-transform/binding-linux-arm-musleabihf": "0.96.0",
        "@oxc-transform/binding-linux-arm64-gnu": "0.96.0",
        "@oxc-transform/binding-linux-arm64-musl": "0.96.0",
        "@oxc-transform/binding-linux-riscv64-gnu": "0.96.0",
        "@oxc-transform/binding-linux-s390x-gnu": "0.96.0",
        "@oxc-transform/binding-linux-x64-gnu": "0.96.0",
        "@oxc-transform/binding-linux-x64-musl": "0.96.0",
        "@oxc-transform/binding-wasm32-wasi": "0.96.0",
        "@oxc-transform/binding-win32-arm64-msvc": "0.96.0",
        "@oxc-transform/binding-win32-x64-msvc": "0.96.0"
      }
    },
    "node_modules/pathe": {
      "version": "2.0.3",
      "resolved": "https://registry.npmjs.org/pathe/-/pathe-2.0.3.tgz",
      "integrity": "sha512-WUjGcAqP1gQacoQe+OBJsFA7Ld4DyXuUIjZ5cc75cLHvJ7dtNsTugphxIADwspS+AraAUePCKrSVtPLFj/F88w==",
      "dev": true,
      "license": "MIT"
    },
    "node_modules/rolldown": {
      "version": "1.0.0-beta.56",
      "resolved": "https://registry.npmjs.org/rolldown/-/rolldown-1.0.0-beta.56.tgz",
      "integrity": "sha512-9MHiUvRH2R8rb6ad6EaLxahS3RbQKdMMlrh9XKmbz2HiCGfK4IWKSNv4N6GhYr+7kHExg6oIc5EF1xA3iR4x1A==",
      "dev": true,
      "license": "MIT",
      "dependencies": {
        "@oxc-project/types": "=0.103.0",
        "@rolldown/pluginutils": "1.0.0-beta.56"
      },
      "bin": {
        "rolldown": "bin/cli.mjs"
      },
      "engines": {
        "node": "^20.19.0 || >=22.12.0"
      },
      "optionalDependencies": {
        "@rolldown/binding-android-arm64": "1.0.0-beta.56",
        "@rolldown/binding-darwin-arm64": "1.0.0-beta.56",
        "@rolldown/binding-darwin-x64": "1.0.0-beta.56",
        "@rolldown/binding-freebsd-x64": "1.0.0-beta.56",
        "@rolldown/binding-linux-arm-gnueabihf": "1.0.0-beta.56",
        "@rolldown/binding-linux-arm64-gnu": "1.0.0-beta.56",
        "@rolldown/binding-linux-arm64-musl": "1.0.0-beta.56",
        "@rolldown/binding-linux-x64-gnu": "1.0.0-beta.56",
        "@rolldown/binding-linux-x64-musl": "1.0.0-beta.56",
        "@rolldown/binding-openharmony-arm64": "1.0.0-beta.56",
        "@rolldown/binding-wasm32-wasi": "1.0.0-beta.56",
        "@rolldown/binding-win32-arm64-msvc": "1.0.0-beta.56",
        "@rolldown/binding-win32-x64-msvc": "1.0.0-beta.56"
      }
    },
    "node_modules/rou3": {
      "version": "0.7.12",
      "resolved": "https://registry.npmjs.org/rou3/-/rou3-0.7.12.tgz",
      "integrity": "sha512-iFE4hLDuloSWcD7mjdCDhx2bKcIsYbtOTpfH5MHHLSKMOUyjqQXTeZVa289uuwEGEKFoE/BAPbhaU4B774nceg==",
      "dev": true,
      "license": "MIT"
    },
    "node_modules/srvx": {
      "version": "0.9.8",
      "resolved": "https://registry.npmjs.org/srvx/-/srvx-0.9.8.tgz",
      "integrity": "sha512-RZaxTKJEE/14HYn8COLuUOJAt0U55N9l1Xf6jj+T0GoA01EUH1Xz5JtSUOI+EHn+AEgPCVn7gk6jHJffrr06fQ==",
      "dev": true,
      "license": "MIT",
      "bin": {
        "srvx": "bin/srvx.mjs"
      },
      "engines": {
        "node": ">=20.16.0"
      }
    },
    "node_modules/tslib": {
      "version": "2.8.1",
      "resolved": "https://registry.npmjs.org/tslib/-/tslib-2.8.1.tgz",
      "integrity": "sha512-oJFu94HQb+KVduSUQL7wnpmqnfmLsOA/nAh6b6EH0wCEoK0/mPeXU6c3wKDV83MkOuHPRHtSXKKU99IBazS/2w==",
      "dev": true,
      "license": "0BSD",
      "optional": true
    },
    "node_modules/undici": {
      "version": "7.16.0",
      "resolved": "https://registry.npmjs.org/undici/-/undici-7.16.0.tgz",
      "integrity": "sha512-QEg3HPMll0o3t2ourKwOeUAZ159Kn9mx5pnzHRQO8+Wixmh88YdZRiIwat0iNzNNXn0yoEtXJqFpyW7eM8BV7g==",
      "dev": true,
      "license": "MIT",
      "engines": {
        "node": ">=20.18.1"
      }
    },
    "node_modules/unenv": {
      "version": "2.0.0-rc.24",
      "resolved": "https://registry.npmjs.org/unenv/-/unenv-2.0.0-rc.24.tgz",
      "integrity": "sha512-i7qRCmY42zmCwnYlh9H2SvLEypEFGye5iRmEMKjcGi7zk9UquigRjFtTLz0TYqr0ZGLZhaMHl/foy1bZR+Cwlw==",
      "dev": true,
      "license": "MIT",
      "dependencies": {
        "pathe": "^2.0.3"
      }
    },
    "node_modules/unstorage": {
      "version": "2.0.0-alpha.4",
      "resolved": "https://registry.npmjs.org/unstorage/-/unstorage-2.0.0-alpha.4.tgz",
      "integrity": "sha512-ywXZMZRfrvmO1giJeMTCw6VUn0ALYxVl8pFqJPStiyQUvgJImejtAHrKvXPj4QGJAoS/iLGcVGF6ljN/lkh1bw==",
      "dev": true,
      "license": "MIT",
      "peerDependencies": {
        "@azure/app-configuration": "^1.8.0",
        "@azure/cosmos": "^4.2.0",
        "@azure/data-tables": "^13.3.0",
        "@azure/identity": "^4.6.0",
        "@azure/keyvault-secrets": "^4.9.0",
        "@azure/storage-blob": "^12.26.0",
        "@capacitor/preferences": "^6.0.3 || ^7.0.0",
        "@deno/kv": ">=0.9.0",
        "@netlify/blobs": "^6.5.0 || ^7.0.0 || ^8.1.0 || ^9.0.0 || ^10.0.0",
        "@planetscale/database": "^1.19.0",
        "@upstash/redis": "^1.34.3",
        "@vercel/blob": ">=0.27.1",
        "@vercel/functions": "^2.2.12 || ^3.0.0",
        "@vercel/kv": "^1.0.1",
        "aws4fetch": "^1.0.20",
        "chokidar": "^4.0.3",
        "db0": ">=0.2.1",
        "idb-keyval": "^6.2.1",
        "ioredis": "^5.4.2",
        "lru-cache": "^11.2.2",
        "mongodb": "^6.20.0",
        "ofetch": "*",
        "uploadthing": "^7.4.4"
      },
      "peerDependenciesMeta": {
        "@azure/app-configuration": {
          "optional": true
        },
        "@azure/cosmos": {
          "optional": true
        },
        "@azure/data-tables": {
          "optional": true
        },
        "@azure/identity": {
          "optional": true
        },
        "@azure/keyvault-secrets": {
          "optional": true
        },
        "@azure/storage-blob": {
          "optional": true
        },
        "@capacitor/preferences": {
          "optional": true
        },
        "@deno/kv": {
          "optional": true
        },
        "@netlify/blobs": {
          "optional": true
        },
        "@planetscale/database": {
          "optional": true
        },
        "@upstash/redis": {
          "optional": true
        },
        "@vercel/blob": {
          "optional": true
        },
        "@vercel/functions": {
          "optional": true
        },
        "@vercel/kv": {
          "optional": true
        },
        "aws4fetch": {
          "optional": true
        },
        "chokidar": {
          "optional": true
        },
        "db0": {
          "optional": true
        },
        "idb-keyval": {
          "optional": true
        },
        "ioredis": {
          "optional": true
        },
        "lru-cache": {
          "optional": true
        },
        "mongodb": {
          "optional": true
        },
        "ofetch": {
          "optional": true
        },
        "uploadthing": {
          "optional": true
        }
      }
    }
  }
}
